
Microsoft Visual Studio Solution File, Format Version 12.00
# Visual Studio Version 17
VisualStudioVersion = 17.7.34031.279
MinimumVisualStudioVersion = 10.0.40219.1
Project("{FAE04EC0-301F-11D3-BF4B-00C04F79EFBC}") = "XIV rnadomizer", "XIV rnadomizer\XIV rnadomizer.csproj", "{55D3FA27-56E1-4399-9A6A-2F7FB08B85EB}"
EndProject
Global
	GlobalSection(SolutionConfigurationPlatforms) = preSolution
		Debug|Any CPU = Debug|Any CPU
		Release|Any CPU = Release|Any CPU
	EndGlobalSection
	GlobalSection(ProjectConfigurationPlatforms) = postSolution
		{55D3FA27-56E1-4399-9A6A-2F7FB08B85EB}.Debug|Any CPU.ActiveCfg = Debug|Any CPU
		{55D3FA27-56E1-4399-9A6A-2F7FB08B85EB}.Debug|Any CPU.Build.0 = Debug|Any CPU
		{55D3FA27-56E1-4399-9A6A-2F7FB08B85EB}.Debug|Any CPU.Deploy.0 = Debug|Any CPU
		{55D3FA27-56E1-4399-9A6A-2F7FB08B85EB}.Release|Any CPU.ActiveCfg = Release|Any CPU
		{55D3FA27-56E1-4399-9A6A-2F7FB08B85EB}.Release|Any CPU.Build.0 = Release|Any CPU
		{55D3FA27-56E1-4399-9A6A-2F7FB08B85EB}.Release|Any CPU.Deploy.0 = Release|Any CPU
	EndGlobalSection
	GlobalSection(SolutionProperties) = preSolution
		HideSolutionNode = FALSE
	EndGlobalSection
	GlobalSection(ExtensibilityGlobals) = postSolution
		SolutionGuid = {32CF66E5-FCC9-40C3-A894-F5F5D21EE40B}
	EndGlobalSection
EndGlobal
